
Microsoft Visual Studio Solution File, Format Version 12.00
# Visual Studio Version 17
VisualStudioVersion = 17.0.31903.59
MinimumVisualStudioVersion = 10.0.40219.1
Project("{FAE04EC0-301F-11D3-BF4B-00C04F79EFBC}") = "WebApi", "WebApi\WebApi.csproj", "{4BA1E00E-C703-4482-BC64-861055F95062}"
EndProject
Project("{FAE04EC0-301F-11D3-BF4B-00C04F79EFBC}") = "Infrastructure", "Infrastructure\Infrastructure.csproj", "{5761A91A-D504-48CE-93B2-B98E5E1BB20C}"
EndProject
Project("{FAE04EC0-301F-11D3-BF4B-00C04F79EFBC}") = "Domain", "Domain\Domain.csproj", "{248F63D7-D78A-4426-81D8-6028AE577106}"
EndProject
Global
	GlobalSection(SolutionConfigurationPlatforms) = preSolution
		Debug|Any CPU = Debug|Any CPU
		Release|Any CPU = Release|Any CPU
	EndGlobalSection
	GlobalSection(SolutionProperties) = preSolution
		HideSolutionNode = FALSE
	EndGlobalSection
	GlobalSection(ProjectConfigurationPlatforms) = postSolution
		{4BA1E00E-C703-4482-BC64-861055F95062}.Debug|Any CPU.ActiveCfg = Debug|Any CPU
		{4BA1E00E-C703-4482-BC64-861055F95062}.Debug|Any CPU.Build.0 = Debug|Any CPU
		{4BA1E00E-C703-4482-BC64-861055F95062}.Release|Any CPU.ActiveCfg = Release|Any CPU
		{4BA1E00E-C703-4482-BC64-861055F95062}.Release|Any CPU.Build.0 = Release|Any CPU
		{5761A91A-D504-48CE-93B2-B98E5E1BB20C}.Debug|Any CPU.ActiveCfg = Debug|Any CPU
		{5761A91A-D504-48CE-93B2-B98E5E1BB20C}.Debug|Any CPU.Build.0 = Debug|Any CPU
		{5761A91A-D504-48CE-93B2-B98E5E1BB20C}.Release|Any CPU.ActiveCfg = Release|Any CPU
		{5761A91A-D504-48CE-93B2-B98E5E1BB20C}.Release|Any CPU.Build.0 = Release|Any CPU
		{248F63D7-D78A-4426-81D8-6028AE577106}.Debug|Any CPU.ActiveCfg = Debug|Any CPU
		{248F63D7-D78A-4426-81D8-6028AE577106}.Debug|Any CPU.Build.0 = Debug|Any CPU
		{248F63D7-D78A-4426-81D8-6028AE577106}.Release|Any CPU.ActiveCfg = Release|Any CPU
		{248F63D7-D78A-4426-81D8-6028AE577106}.Release|Any CPU.Build.0 = Release|Any CPU
	EndGlobalSection
EndGlobal
